// !$*UTF8*$!
{
	archiveVersion = 1;
	classes = {
	};
	objectVersion = 56;
	objects = {

/* Begin PBXBuildFile section */
		15FBEFD707DF5106015862A8 /* MockSystemStateMonitor.swift in Sources */ = {isa = PBXBuildFile; fileRef = 07F9BDD163C8443FB657871F /* MockSystemStateMonitor.swift */; };
		192975824DB0FD1622A82EDB /* StatisticsView.swift in Sources */ = {isa = PBXBuildFile; fileRef = E18F9A0C36C375064290969E /* StatisticsView.swift */; };
		262AF0720B4EAEDFF961FA6F /* NotificationService.swift in Sources */ = {isa = PBXBuildFile; fileRef = E99CB0F241A1DCD67ECF4430 /* NotificationService.swift */; };
		2C591516DFDADC0908DC56D6 /* TimeFormatter.swift in Sources */ = {isa = PBXBuildFile; fileRef = 96BC2AAA8D548E7D2F84526B /* TimeFormatter.swift */; };
		3D741566CDFBD2F0B879A785 /* Clock.swift in Sources */ = {isa = PBXBuildFile; fileRef = 5A1416F190EEADD2DA66D51A /* Clock.swift */; };
		42803393F8D8173F957BCC57 /* AppCoordinator.swift in Sources */ = {isa = PBXBuildFile; fileRef = ABD5F33EDE225CBE0155EF3E /* AppCoordinator.swift */; };
		4451F7F33C189931FDE2442C /* BreakReminderServiceTests.swift in Sources */ = {isa = PBXBuildFile; fileRef = 113C74B744C82CC1D8EAA2CE /* BreakReminderServiceTests.swift */; };
		49C8AB78719F91EA50EE5707 /* ProgressRingView.swift in Sources */ = {isa = PBXBuildFile; fileRef = 442A8124AE3CC3E5379071F8 /* ProgressRingView.swift */; };
		4A66A4A5136A90C21E4259B5 /* MenuBarIconProviderTests.swift in Sources */ = {isa = PBXBuildFile; fileRef = 9F179BA0C825D5A48598E5EF /* MenuBarIconProviderTests.swift */; };
		4B18FC9FF454C62E940C7ED4 /* MockInputEventMonitor.swift in Sources */ = {isa = PBXBuildFile; fileRef = A52566E978EFA9AAB82D167F /* MockInputEventMonitor.swift */; };
		5696232FA69181B3950F068A /* SystemStateMonitor.swift in Sources */ = {isa = PBXBuildFile; fileRef = 4A0EE5A712288D63EAC71D26 /* SystemStateMonitor.swift */; };
		5B51398B195391383A9833C6 /* UpdaterController.swift in Sources */ = {isa = PBXBuildFile; fileRef = D05FE2EAEB0679590D295E42 /* UpdaterController.swift */; };
		61E7417FC6852DA78877FD85 /* SessionDetailView.swift in Sources */ = {isa = PBXBuildFile; fileRef = 432BB17216E566A8E27D0891 /* SessionDetailView.swift */; };
		6C68C6B4C67E586BD03585EE /* TimeFormatterTests.swift in Sources */ = {isa = PBXBuildFile; fileRef = A6597FC49E89379B66F194EB /* TimeFormatterTests.swift */; };
		6D635D0ED04A401DC19FBC38 /* ElapsedApp.swift in Sources */ = {isa = PBXBuildFile; fileRef = 456262FA23E06D1115C993C7 /* ElapsedApp.swift */; };
		7814B2DB9F13927222813F45 /* MenuBarView.swift in Sources */ = {isa = PBXBuildFile; fileRef = 4D05837D30963568C5D0D408 /* MenuBarView.swift */; };
		7AEDC970D5A538F6B326018F /* MockNotificationService.swift in Sources */ = {isa = PBXBuildFile; fileRef = 66AC45AFAF69C595E8AC648F /* MockNotificationService.swift */; };
		83B9E74487EC6AA0ED23C6F1 /* Sparkle in Frameworks */ = {isa = PBXBuildFile; productRef = 4F280151F6546635B7A8B288 /* Sparkle */; };
		88DAE9DC09622382C30B1DE0 /* TestHelpers.swift in Sources */ = {isa = PBXBuildFile; fileRef = 5317E6810335E0AF7617C746 /* TestHelpers.swift */; };
		8BF72A2F493D8079A750F4A9 /* ActivityMonitorServiceTests.swift in Sources */ = {isa = PBXBuildFile; fileRef = 52CAE205628D03C074DCDD35 /* ActivityMonitorServiceTests.swift */; };
		8F9189680E3E5D0E076FD868 /* SettingsView.swift in Sources */ = {isa = PBXBuildFile; fileRef = 6028D8E9E549BC8B330DD430 /* SettingsView.swift */; };
		95A4A8F5C9BF44750FAC68BC /* PermissionManager.swift in Sources */ = {isa = PBXBuildFile; fileRef = 7A3AC1286ECA685DAD23586A /* PermissionManager.swift */; };
		A06B9A5E25716E4938F75A4D /* OnboardingView.swift in Sources */ = {isa = PBXBuildFile; fileRef = AF615CDD9F4EE3AD3DADEEE9 /* OnboardingView.swift */; };
		A150882F8475C02817A15BA3 /* StatsView.swift in Sources */ = {isa = PBXBuildFile; fileRef = 697A7EE27ECB48C332EB7F43 /* StatsView.swift */; };
		AA3FD7EFA0DEC2FEA58732C0 /* SessionManagerTests.swift in Sources */ = {isa = PBXBuildFile; fileRef = 7BE63F09DFAFE1BBF9732EA5 /* SessionManagerTests.swift */; };
		B0B20C8BF9B5D90D8067DC2F /* Session.swift in Sources */ = {isa = PBXBuildFile; fileRef = 398BD36AD2AB85D43813B243 /* Session.swift */; };
		BA8E12A4889FDD0E743201E3 /* ActivityMonitorService.swift in Sources */ = {isa = PBXBuildFile; fileRef = FE08D82ABA74E46A23E70371 /* ActivityMonitorService.swift */; };
		C01A640958AC618688BE1D95 /* Assets.xcassets in Resources */ = {isa = PBXBuildFile; fileRef = 31C0095CFB14C419099FE359 /* Assets.xcassets */; };
		CF0D32E66E4E332174BABEA1 /* PopoverView.swift in Sources */ = {isa = PBXBuildFile; fileRef = 099231A8B441EB5553D3EBC2 /* PopoverView.swift */; };
		D07F4E508122AD626519B2DF /* AppSettingsTests.swift in Sources */ = {isa = PBXBuildFile; fileRef = 573AE4D152F3C3FFE6AB67AA /* AppSettingsTests.swift */; };
		DCB32731C374896E6C7536C9 /* InputEventMonitor.swift in Sources */ = {isa = PBXBuildFile; fileRef = B8CBB09EDEBE66A5F27AC259 /* InputEventMonitor.swift */; };
		E3589788157CB30978A65568 /* SessionManager.swift in Sources */ = {isa = PBXBuildFile; fileRef = 59C781E17458BF48F6B33B7B /* SessionManager.swift */; };
		EFEBDC3BC1C52E9F83163A00 /* Constants.swift in Sources */ = {isa = PBXBuildFile; fileRef = 45A7DEB151BC1D98A48EA65C /* Constants.swift */; };
		F120A4D4A130B237FAA491F7 /* AppSettings.swift in Sources */ = {isa = PBXBuildFile; fileRef = B23FE5A4D083F8F1C1A920F0 /* AppSettings.swift */; };
		F3A0F76CA232B13274F47A6D /* BreakReminderService.swift in Sources */ = {isa = PBXBuildFile; fileRef = 046ED1C097A59E7533E28934 /* BreakReminderService.swift */; };
		F3E3238277A403D1C6B634A8 /* DailySummary.swift in Sources */ = {isa = PBXBuildFile; fileRef = 682F7EEF6F33378C11D0E5F6 /* DailySummary.swift */; };
		FC0CFEB132CAD234BCBDB2A3 /* TestClock.swift in Sources */ = {isa = PBXBuildFile; fileRef = 3E80CCF91B84B45C3F32D802 /* TestClock.swift */; };
/* End PBXBuildFile section */

/* Begin PBXContainerItemProxy section */
		C65DE57F4036E0F90E41F96E /* PBXContainerItemProxy */ = {
			isa = PBXContainerItemProxy;
			containerPortal = DC424039D814BB8AB310703F /* Project object */;
			proxyType = 1;
			remoteGlobalIDString = E8F64DB28C19CEBB5C758BD3;
			remoteInfo = Elapsed;
		};
/* End PBXContainerItemProxy section */

/* Begin PBXFileReference section */
		046ED1C097A59E7533E28934 /* BreakReminderService.swift */ = {isa = PBXFileReference; lastKnownFileType = sourcecode.swift; path = BreakReminderService.swift; sourceTree = "<group>"; };
		07F9BDD163C8443FB657871F /* MockSystemStateMonitor.swift */ = {isa = PBXFileReference; lastKnownFileType = sourcecode.swift; path = MockSystemStateMonitor.swift; sourceTree = "<group>"; };
		099231A8B441EB5553D3EBC2 /* PopoverView.swift */ = {isa = PBXFileReference; lastKnownFileType = sourcecode.swift; path = PopoverView.swift; sourceTree = "<group>"; };
		0E723AB40B0BA308FC988960 /* Elapsed.app */ = {isa = PBXFileReference; explicitFileType = wrapper.application; includeInIndex = 0; path = Elapsed.app; sourceTree = BUILT_PRODUCTS_DIR; };
		113C74B744C82CC1D8EAA2CE /* BreakReminderServiceTests.swift */ = {isa = PBXFileReference; lastKnownFileType = sourcecode.swift; path = BreakReminderServiceTests.swift; sourceTree = "<group>"; };
		31C0095CFB14C419099FE359 /* Assets.xcassets */ = {isa = PBXFileReference; lastKnownFileType = folder.assetcatalog; path = Assets.xcassets; sourceTree = "<group>"; };
		398BD36AD2AB85D43813B243 /* Session.swift */ = {isa = PBXFileReference; lastKnownFileType = sourcecode.swift; path = Session.swift; sourceTree = "<group>"; };
		3E80CCF91B84B45C3F32D802 /* TestClock.swift */ = {isa = PBXFileReference; lastKnownFileType = sourcecode.swift; path = TestClock.swift; sourceTree = "<group>"; };
		432BB17216E566A8E27D0891 /* SessionDetailView.swift */ = {isa = PBXFileReference; lastKnownFileType = sourcecode.swift; path = SessionDetailView.swift; sourceTree = "<group>"; };
		442A8124AE3CC3E5379071F8 /* ProgressRingView.swift */ = {isa = PBXFileReference; lastKnownFileType = sourcecode.swift; path = ProgressRingView.swift; sourceTree = "<group>"; };
		456262FA23E06D1115C993C7 /* ElapsedApp.swift */ = {isa = PBXFileReference; lastKnownFileType = sourcecode.swift; path = ElapsedApp.swift; sourceTree = "<group>"; };
		45A7DEB151BC1D98A48EA65C /* Constants.swift */ = {isa = PBXFileReference; lastKnownFileType = sourcecode.swift; path = Constants.swift; sourceTree = "<group>"; };
		48BE82909DEAA3F8769A7BFE /* ElapsedTests.xctest */ = {isa = PBXFileReference; explicitFileType = wrapper.cfbundle; includeInIndex = 0; path = ElapsedTests.xctest; sourceTree = BUILT_PRODUCTS_DIR; };
		4A0EE5A712288D63EAC71D26 /* SystemStateMonitor.swift */ = {isa = PBXFileReference; lastKnownFileType = sourcecode.swift; path = SystemStateMonitor.swift; sourceTree = "<group>"; };
		4D05837D30963568C5D0D408 /* MenuBarView.swift */ = {isa = PBXFileReference; lastKnownFileType = sourcecode.swift; path = MenuBarView.swift; sourceTree = "<group>"; };
		52CAE205628D03C074DCDD35 /* ActivityMonitorServiceTests.swift */ = {isa = PBXFileReference; lastKnownFileType = sourcecode.swift; path = ActivityMonitorServiceTests.swift; sourceTree = "<group>"; };
		5317E6810335E0AF7617C746 /* TestHelpers.swift */ = {isa = PBXFileReference; lastKnownFileType = sourcecode.swift; path = TestHelpers.swift; sourceTree = "<group>"; };
		573AE4D152F3C3FFE6AB67AA /* AppSettingsTests.swift */ = {isa = PBXFileReference; lastKnownFileType = sourcecode.swift; path = AppSettingsTests.swift; sourceTree = "<group>"; };
		59C781E17458BF48F6B33B7B /* SessionManager.swift */ = {isa = PBXFileReference; lastKnownFileType = sourcecode.swift; path = SessionManager.swift; sourceTree = "<group>"; };
		5A1416F190EEADD2DA66D51A /* Clock.swift */ = {isa = PBXFileReference; lastKnownFileType = sourcecode.swift; path = Clock.swift; sourceTree = "<group>"; };
		6028D8E9E549BC8B330DD430 /* SettingsView.swift */ = {isa = PBXFileReference; lastKnownFileType = sourcecode.swift; path = SettingsView.swift; sourceTree = "<group>"; };
		66AC45AFAF69C595E8AC648F /* MockNotificationService.swift */ = {isa = PBXFileReference; lastKnownFileType = sourcecode.swift; path = MockNotificationService.swift; sourceTree = "<group>"; };
		682F7EEF6F33378C11D0E5F6 /* DailySummary.swift */ = {isa = PBXFileReference; lastKnownFileType = sourcecode.swift; path = DailySummary.swift; sourceTree = "<group>"; };
		697A7EE27ECB48C332EB7F43 /* StatsView.swift */ = {isa = PBXFileReference; lastKnownFileType = sourcecode.swift; path = StatsView.swift; sourceTree = "<group>"; };
		7A3AC1286ECA685DAD23586A /* PermissionManager.swift */ = {isa = PBXFileReference; lastKnownFileType = sourcecode.swift; path = PermissionManager.swift; sourceTree = "<group>"; };
		7BE63F09DFAFE1BBF9732EA5 /* SessionManagerTests.swift */ = {isa = PBXFileReference; lastKnownFileType = sourcecode.swift; path = SessionManagerTests.swift; sourceTree = "<group>"; };
		8AD581CA72B69780DBF6CCA8 /* Info.plist */ = {isa = PBXFileReference; lastKnownFileType = text.plist; path = Info.plist; sourceTree = "<group>"; };
		96BC2AAA8D548E7D2F84526B /* TimeFormatter.swift */ = {isa = PBXFileReference; lastKnownFileType = sourcecode.swift; path = TimeFormatter.swift; sourceTree = "<group>"; };
		9905BE3044FADA88675380B3 /* Elapsed.entitlements */ = {isa = PBXFileReference; lastKnownFileType = text.plist.entitlements; path = Elapsed.entitlements; sourceTree = "<group>"; };
		9F179BA0C825D5A48598E5EF /* MenuBarIconProviderTests.swift */ = {isa = PBXFileReference; lastKnownFileType = sourcecode.swift; path = MenuBarIconProviderTests.swift; sourceTree = "<group>"; };
		A52566E978EFA9AAB82D167F /* MockInputEventMonitor.swift */ = {isa = PBXFileReference; lastKnownFileType = sourcecode.swift; path = MockInputEventMonitor.swift; sourceTree = "<group>"; };
		A6597FC49E89379B66F194EB /* TimeFormatterTests.swift */ = {isa = PBXFileReference; lastKnownFileType = sourcecode.swift; path = TimeFormatterTests.swift; sourceTree = "<group>"; };
		ABD5F33EDE225CBE0155EF3E /* AppCoordinator.swift */ = {isa = PBXFileReference; lastKnownFileType = sourcecode.swift; path = AppCoordinator.swift; sourceTree = "<group>"; };
		AF615CDD9F4EE3AD3DADEEE9 /* OnboardingView.swift */ = {isa = PBXFileReference; lastKnownFileType = sourcecode.swift; path = OnboardingView.swift; sourceTree = "<group>"; };
		B23FE5A4D083F8F1C1A920F0 /* AppSettings.swift */ = {isa = PBXFileReference; lastKnownFileType = sourcecode.swift; path = AppSettings.swift; sourceTree = "<group>"; };
		B8CBB09EDEBE66A5F27AC259 /* InputEventMonitor.swift */ = {isa = PBXFileReference; lastKnownFileType = sourcecode.swift; path = InputEventMonitor.swift; sourceTree = "<group>"; };
		D05FE2EAEB0679590D295E42 /* UpdaterController.swift */ = {isa = PBXFileReference; lastKnownFileType = sourcecode.swift; path = UpdaterController.swift; sourceTree = "<group>"; };
		E18F9A0C36C375064290969E /* StatisticsView.swift */ = {isa = PBXFileReference; lastKnownFileType = sourcecode.swift; path = StatisticsView.swift; sourceTree = "<group>"; };
		E99CB0F241A1DCD67ECF4430 /* NotificationService.swift */ = {isa = PBXFileReference; lastKnownFileType = sourcecode.swift; path = NotificationService.swift; sourceTree = "<group>"; };
		FE08D82ABA74E46A23E70371 /* ActivityMonitorService.swift */ = {isa = PBXFileReference; lastKnownFileType = sourcecode.swift; path = ActivityMonitorService.swift; sourceTree = "<group>"; };
/* End PBXFileReference section */

/* Begin PBXFrameworksBuildPhase section */
		286517A00EA11C89AD21B5C6 /* Frameworks */ = {
			isa = PBXFrameworksBuildPhase;
			buildActionMask = 2147483647;
			files = (
				83B9E74487EC6AA0ED23C6F1 /* Sparkle in Frameworks */,
			);
			runOnlyForDeploymentPostprocessing = 0;
		};
/* End PBXFrameworksBuildPhase section */

/* Begin PBXGroup section */
		0AFD2F04C3CA0E3CA374E543 = {
			isa = PBXGroup;
			children = (
				C6F01F2A9018B4D66F136C52 /* Elapsed */,
				96E01E37D7488982CD57D3A1 /* ElapsedTests */,
				923DA5FA197A64933FF56526 /* Products */,
			);
			sourceTree = "<group>";
		};
		2181CE6C4C3705F9DD30ED33 /* Views */ = {
			isa = PBXGroup;
			children = (
				4D05837D30963568C5D0D408 /* MenuBarView.swift */,
				AF615CDD9F4EE3AD3DADEEE9 /* OnboardingView.swift */,
				099231A8B441EB5553D3EBC2 /* PopoverView.swift */,
				442A8124AE3CC3E5379071F8 /* ProgressRingView.swift */,
				432BB17216E566A8E27D0891 /* SessionDetailView.swift */,
				6028D8E9E549BC8B330DD430 /* SettingsView.swift */,
				E18F9A0C36C375064290969E /* StatisticsView.swift */,
				697A7EE27ECB48C332EB7F43 /* StatsView.swift */,
			);
			path = Views;
			sourceTree = "<group>";
		};
		6868F95950B2DA46D0F76522 /* Helpers */ = {
			isa = PBXGroup;
			children = (
				5317E6810335E0AF7617C746 /* TestHelpers.swift */,
			);
			path = Helpers;
			sourceTree = "<group>";
		};
		7299136834E931869CD7A138 /* Services */ = {
			isa = PBXGroup;
			children = (
				FE08D82ABA74E46A23E70371 /* ActivityMonitorService.swift */,
				046ED1C097A59E7533E28934 /* BreakReminderService.swift */,
				B8CBB09EDEBE66A5F27AC259 /* InputEventMonitor.swift */,
				E99CB0F241A1DCD67ECF4430 /* NotificationService.swift */,
				7A3AC1286ECA685DAD23586A /* PermissionManager.swift */,
				59C781E17458BF48F6B33B7B /* SessionManager.swift */,
				4A0EE5A712288D63EAC71D26 /* SystemStateMonitor.swift */,
				D05FE2EAEB0679590D295E42 /* UpdaterController.swift */,
			);
			path = Services;
			sourceTree = "<group>";
		};
		72A5DF7E8B376364C8678762 /* Settings */ = {
			isa = PBXGroup;
			children = (
				B23FE5A4D083F8F1C1A920F0 /* AppSettings.swift */,
			);
			path = Settings;
			sourceTree = "<group>";
		};
		8CC7A32CC2B7F314CC7A7ABF /* Models */ = {
			isa = PBXGroup;
			children = (
				682F7EEF6F33378C11D0E5F6 /* DailySummary.swift */,
				398BD36AD2AB85D43813B243 /* Session.swift */,
			);
			path = Models;
			sourceTree = "<group>";
		};
		923DA5FA197A64933FF56526 /* Products */ = {
			isa = PBXGroup;
			children = (
				0E723AB40B0BA308FC988960 /* Elapsed.app */,
				48BE82909DEAA3F8769A7BFE /* ElapsedTests.xctest */,
			);
			name = Products;
			sourceTree = "<group>";
		};
		96E01E37D7488982CD57D3A1 /* ElapsedTests */ = {
			isa = PBXGroup;
			children = (
				52CAE205628D03C074DCDD35 /* ActivityMonitorServiceTests.swift */,
				573AE4D152F3C3FFE6AB67AA /* AppSettingsTests.swift */,
				113C74B744C82CC1D8EAA2CE /* BreakReminderServiceTests.swift */,
				9F179BA0C825D5A48598E5EF /* MenuBarIconProviderTests.swift */,
				7BE63F09DFAFE1BBF9732EA5 /* SessionManagerTests.swift */,
				A6597FC49E89379B66F194EB /* TimeFormatterTests.swift */,
				6868F95950B2DA46D0F76522 /* Helpers */,
				C820F7A5D474EEDC099878A5 /* Mocks */,
			);
			name = ElapsedTests;
			path = Tests/ElapsedTests;
			sourceTree = "<group>";
		};
		9C760D8DAC8E46C10956B23D /* Utilities */ = {
			isa = PBXGroup;
			children = (
				5A1416F190EEADD2DA66D51A /* Clock.swift */,
				45A7DEB151BC1D98A48EA65C /* Constants.swift */,
				96BC2AAA8D548E7D2F84526B /* TimeFormatter.swift */,
			);
			path = Utilities;
			sourceTree = "<group>";
		};
		C6F01F2A9018B4D66F136C52 /* Elapsed */ = {
			isa = PBXGroup;
			children = (
				ABD5F33EDE225CBE0155EF3E /* AppCoordinator.swift */,
				9905BE3044FADA88675380B3 /* Elapsed.entitlements */,
				456262FA23E06D1115C993C7 /* ElapsedApp.swift */,
				8AD581CA72B69780DBF6CCA8 /* Info.plist */,
				8CC7A32CC2B7F314CC7A7ABF /* Models */,
				F35803D2EC8CC43E7FF654F9 /* Resources */,
				7299136834E931869CD7A138 /* Services */,
				72A5DF7E8B376364C8678762 /* Settings */,
				9C760D8DAC8E46C10956B23D /* Utilities */,
				2181CE6C4C3705F9DD30ED33 /* Views */,
			);
			path = Elapsed;
			sourceTree = "<group>";
		};
		C820F7A5D474EEDC099878A5 /* Mocks */ = {
			isa = PBXGroup;
			children = (
				A52566E978EFA9AAB82D167F /* MockInputEventMonitor.swift */,
				66AC45AFAF69C595E8AC648F /* MockNotificationService.swift */,
				07F9BDD163C8443FB657871F /* MockSystemStateMonitor.swift */,
				3E80CCF91B84B45C3F32D802 /* TestClock.swift */,
			);
			path = Mocks;
			sourceTree = "<group>";
		};
		F35803D2EC8CC43E7FF654F9 /* Resources */ = {
			isa = PBXGroup;
			children = (
				31C0095CFB14C419099FE359 /* Assets.xcassets */,
			);
			path = Resources;
			sourceTree = "<group>";
		};
/* End PBXGroup section */

/* Begin PBXNativeTarget section */
		B0EE902FDA2007E52AF3D3CA /* ElapsedTests */ = {
			isa = PBXNativeTarget;
			buildConfigurationList = F61B43F31A4EF9F34DE2A6A8 /* Build configuration list for PBXNativeTarget "ElapsedTests" */;
			buildPhases = (
				3FAA94B35E2F970E36EE49E0 /* Sources */,
			);
			buildRules = (
			);
			dependencies = (
				113A2124D07BED94BC308039 /* PBXTargetDependency */,
			);
			name = ElapsedTests;
			packageProductDependencies = (
			);
			productName = ElapsedTests;
			productReference = 48BE82909DEAA3F8769A7BFE /* ElapsedTests.xctest */;
			productType = "com.apple.product-type.bundle.unit-test";
		};
		E8F64DB28C19CEBB5C758BD3 /* Elapsed */ = {
			isa = PBXNativeTarget;
			buildConfigurationList = FAB5D08251CF0DEF1A2FDFA2 /* Build configuration list for PBXNativeTarget "Elapsed" */;
			buildPhases = (
				1C32F5BF6288D6224B320BA7 /* Sources */,
				1592CC466E2615FFC913FFF1 /* Resources */,
				286517A00EA11C89AD21B5C6 /* Frameworks */,
			);
			buildRules = (
			);
			dependencies = (
			);
			name = Elapsed;
			packageProductDependencies = (
				4F280151F6546635B7A8B288 /* Sparkle */,
			);
			productName = Elapsed;
			productReference = 0E723AB40B0BA308FC988960 /* Elapsed.app */;
			productType = "com.apple.product-type.application";
		};
/* End PBXNativeTarget section */

/* Begin PBXProject section */
		DC424039D814BB8AB310703F /* Project object */ = {
			isa = PBXProject;
			attributes = {
				BuildIndependentTargetsInParallel = YES;
				LastUpgradeCheck = 1540;
			};
			buildConfigurationList = 333F10D5E2FBA4CAD4339FF5 /* Build configuration list for PBXProject "Elapsed" */;
			compatibilityVersion = "Xcode 14.0";
			developmentRegion = en;
			hasScannedForEncodings = 0;
			knownRegions = (
				Base,
				en,
			);
			mainGroup = 0AFD2F04C3CA0E3CA374E543;
			minimizedProjectReferenceProxies = 1;
			packageReferences = (
				C1C37C0A40912160AF358F12 /* XCRemoteSwiftPackageReference "Sparkle" */,
			);
			preferredProjectObjectVersion = 77;
			projectDirPath = "";
			projectRoot = "";
			targets = (
				E8F64DB28C19CEBB5C758BD3 /* Elapsed */,
				B0EE902FDA2007E52AF3D3CA /* ElapsedTests */,
			);
		};
/* End PBXProject section */

/* Begin PBXResourcesBuildPhase section */
		1592CC466E2615FFC913FFF1 /* Resources */ = {
			isa = PBXResourcesBuildPhase;
			buildActionMask = 2147483647;
			files = (
				C01A640958AC618688BE1D95 /* Assets.xcassets in Resources */,
			);
			runOnlyForDeploymentPostprocessing = 0;
		};
/* End PBXResourcesBuildPhase section */

/* Begin PBXSourcesBuildPhase section */
		1C32F5BF6288D6224B320BA7 /* Sources */ = {
			isa = PBXSourcesBuildPhase;
			buildActionMask = 2147483647;
			files = (
				BA8E12A4889FDD0E743201E3 /* ActivityMonitorService.swift in Sources */,
				42803393F8D8173F957BCC57 /* AppCoordinator.swift in Sources */,
				F120A4D4A130B237FAA491F7 /* AppSettings.swift in Sources */,
				F3A0F76CA232B13274F47A6D /* BreakReminderService.swift in Sources */,
				3D741566CDFBD2F0B879A785 /* Clock.swift in Sources */,
				EFEBDC3BC1C52E9F83163A00 /* Constants.swift in Sources */,
				F3E3238277A403D1C6B634A8 /* DailySummary.swift in Sources */,
				6D635D0ED04A401DC19FBC38 /* ElapsedApp.swift in Sources */,
				DCB32731C374896E6C7536C9 /* InputEventMonitor.swift in Sources */,
				7814B2DB9F13927222813F45 /* MenuBarView.swift in Sources */,
				262AF0720B4EAEDFF961FA6F /* NotificationService.swift in Sources */,
				A06B9A5E25716E4938F75A4D /* OnboardingView.swift in Sources */,
				95A4A8F5C9BF44750FAC68BC /* PermissionManager.swift in Sources */,
				CF0D32E66E4E332174BABEA1 /* PopoverView.swift in Sources */,
				49C8AB78719F91EA50EE5707 /* ProgressRingView.swift in Sources */,
				B0B20C8BF9B5D90D8067DC2F /* Session.swift in Sources */,
				61E7417FC6852DA78877FD85 /* SessionDetailView.swift in Sources */,
				E3589788157CB30978A65568 /* SessionManager.swift in Sources */,
				8F9189680E3E5D0E076FD868 /* SettingsView.swift in Sources */,
				192975824DB0FD1622A82EDB /* StatisticsView.swift in Sources */,
				A150882F8475C02817A15BA3 /* StatsView.swift in Sources */,
				5696232FA69181B3950F068A /* SystemStateMonitor.swift in Sources */,
				2C591516DFDADC0908DC56D6 /* TimeFormatter.swift in Sources */,
				5B51398B195391383A9833C6 /* UpdaterController.swift in Sources */,
			);
			runOnlyForDeploymentPostprocessing = 0;
		};
		3FAA94B35E2F970E36EE49E0 /* Sources */ = {
			isa = PBXSourcesBuildPhase;
			buildActionMask = 2147483647;
			files = (
				8BF72A2F493D8079A750F4A9 /* ActivityMonitorServiceTests.swift in Sources */,
				D07F4E508122AD626519B2DF /* AppSettingsTests.swift in Sources */,
				4451F7F33C189931FDE2442C /* BreakReminderServiceTests.swift in Sources */,
				4A66A4A5136A90C21E4259B5 /* MenuBarIconProviderTests.swift in Sources */,
				4B18FC9FF454C62E940C7ED4 /* MockInputEventMonitor.swift in Sources */,
				7AEDC970D5A538F6B326018F /* MockNotificationService.swift in Sources */,
				15FBEFD707DF5106015862A8 /* MockSystemStateMonitor.swift in Sources */,
				AA3FD7EFA0DEC2FEA58732C0 /* SessionManagerTests.swift in Sources */,
				FC0CFEB132CAD234BCBDB2A3 /* TestClock.swift in Sources */,
				88DAE9DC09622382C30B1DE0 /* TestHelpers.swift in Sources */,
				6C68C6B4C67E586BD03585EE /* TimeFormatterTests.swift in Sources */,
			);
			runOnlyForDeploymentPostprocessing = 0;
		};
/* End PBXSourcesBuildPhase section */

/* Begin PBXTargetDependency section */
		113A2124D07BED94BC308039 /* PBXTargetDependency */ = {
			isa = PBXTargetDependency;
			target = E8F64DB28C19CEBB5C758BD3 /* Elapsed */;
			targetProxy = C65DE57F4036E0F90E41F96E /* PBXContainerItemProxy */;
		};
/* End PBXTargetDependency section */

/* Begin XCBuildConfiguration section */
		402ACDC1AF26903B2299D436 /* Debug */ = {
			isa = XCBuildConfiguration;
			buildSettings = {
				BUNDLE_LOADER = "$(TEST_HOST)";
				CODE_SIGN_IDENTITY = "-";
				COMBINE_HIDPI_IMAGES = YES;
				GENERATE_INFOPLIST_FILE = YES;
				LD_RUNPATH_SEARCH_PATHS = (
					"$(inherited)",
					"@executable_path/../Frameworks",
					"@loader_path/../Frameworks",
				);
				PRODUCT_BUNDLE_IDENTIFIER = com.ta21cos.ElapsedTests;
				SDKROOT = macosx;
				TEST_HOST = "$(BUILT_PRODUCTS_DIR)/Elapsed.app/Contents/MacOS/Elapsed";
			};
			name = Debug;
		};
		432DCE048E36F01ADA345704 /* Debug */ = {
			isa = XCBuildConfiguration;
			buildSettings = {
				ASSETCATALOG_COMPILER_APPICON_NAME = AppIcon;
				CODE_SIGN_ENTITLEMENTS = Elapsed/Elapsed.entitlements;
				CODE_SIGN_IDENTITY = "-";
				COMBINE_HIDPI_IMAGES = YES;
				ENABLE_HARDENED_RUNTIME = NO;
				INFOPLIST_FILE = Elapsed/Info.plist;
				LD_RUNPATH_SEARCH_PATHS = (
					"$(inherited)",
					"@executable_path/../Frameworks",
				);
				PRODUCT_BUNDLE_IDENTIFIER = com.ta21cos.Elapsed;
				PRODUCT_NAME = Elapsed;
				SDKROOT = macosx;
			};
			name = Debug;
		};
		637059E6FC8FF1B061D2D4CE /* Release */ = {
			isa = XCBuildConfiguration;
			buildSettings = {
				BUNDLE_LOADER = "$(TEST_HOST)";
				CODE_SIGN_IDENTITY = "-";
				COMBINE_HIDPI_IMAGES = YES;
				GENERATE_INFOPLIST_FILE = YES;
				LD_RUNPATH_SEARCH_PATHS = (
					"$(inherited)",
					"@executable_path/../Frameworks",
					"@loader_path/../Frameworks",
				);
				PRODUCT_BUNDLE_IDENTIFIER = com.ta21cos.ElapsedTests;
				SDKROOT = macosx;
				TEST_HOST = "$(BUILT_PRODUCTS_DIR)/Elapsed.app/Contents/MacOS/Elapsed";
			};
			name = Release;
		};
		70CED59E6EF2B3B1ED82EF55 /* Debug */ = {
			isa = XCBuildConfiguration;
			buildSettings = {
				ALWAYS_SEARCH_USER_PATHS = NO;
				CLANG_ANALYZER_NONNULL = YES;
				CLANG_ANALYZER_NUMBER_OBJECT_CONVERSION = YES_AGGRESSIVE;
				CLANG_CXX_LANGUAGE_STANDARD = "gnu++14";
				CLANG_CXX_LIBRARY = "libc++";
				CLANG_ENABLE_MODULES = YES;
				CLANG_ENABLE_OBJC_ARC = YES;
				CLANG_ENABLE_OBJC_WEAK = YES;
				CLANG_WARN_BLOCK_CAPTURE_AUTORELEASING = YES;
				CLANG_WARN_BOOL_CONVERSION = YES;
				CLANG_WARN_COMMA = YES;
				CLANG_WARN_CONSTANT_CONVERSION = YES;
				CLANG_WARN_DEPRECATED_OBJC_IMPLEMENTATIONS = YES;
				CLANG_WARN_DIRECT_OBJC_ISA_USAGE = YES_ERROR;
				CLANG_WARN_DOCUMENTATION_COMMENTS = YES;
				CLANG_WARN_EMPTY_BODY = YES;
				CLANG_WARN_ENUM_CONVERSION = YES;
				CLANG_WARN_INFINITE_RECURSION = YES;
				CLANG_WARN_INT_CONVERSION = YES;
				CLANG_WARN_NON_LITERAL_NULL_CONVERSION = YES;
				CLANG_WARN_OBJC_IMPLICIT_RETAIN_SELF = YES;
				CLANG_WARN_OBJC_LITERAL_CONVERSION = YES;
				CLANG_WARN_OBJC_ROOT_CLASS = YES_ERROR;
				CLANG_WARN_QUOTED_INCLUDE_IN_FRAMEWORK_HEADER = YES;
				CLANG_WARN_RANGE_LOOP_ANALYSIS = YES;
				CLANG_WARN_STRICT_PROTOTYPES = YES;
				CLANG_WARN_SUSPICIOUS_MOVE = YES;
				CLANG_WARN_UNGUARDED_AVAILABILITY = YES_AGGRESSIVE;
				CLANG_WARN_UNREACHABLE_CODE = YES;
				CLANG_WARN__DUPLICATE_METHOD_MATCH = YES;
				COPY_PHASE_STRIP = NO;
				DEBUG_INFORMATION_FORMAT = dwarf;
				ENABLE_STRICT_OBJC_MSGSEND = YES;
				ENABLE_TESTABILITY = YES;
				GCC_C_LANGUAGE_STANDARD = gnu11;
				GCC_DYNAMIC_NO_PIC = NO;
				GCC_NO_COMMON_BLOCKS = YES;
				GCC_OPTIMIZATION_LEVEL = 0;
				GCC_PREPROCESSOR_DEFINITIONS = (
					"$(inherited)",
					"DEBUG=1",
				);
				GCC_WARN_64_TO_32_BIT_CONVERSION = YES;
				GCC_WARN_ABOUT_RETURN_TYPE = YES_ERROR;
				GCC_WARN_UNDECLARED_SELECTOR = YES;
				GCC_WARN_UNINITIALIZED_AUTOS = YES_AGGRESSIVE;
				GCC_WARN_UNUSED_FUNCTION = YES;
				GCC_WARN_UNUSED_VARIABLE = YES;
				MACOSX_DEPLOYMENT_TARGET = 14.0;
				MTL_ENABLE_DEBUG_INFO = INCLUDE_SOURCE;
				MTL_FAST_MATH = YES;
				ONLY_ACTIVE_ARCH = YES;
				PRODUCT_NAME = "$(TARGET_NAME)";
				SDKROOT = macosx;
				SWIFT_ACTIVE_COMPILATION_CONDITIONS = DEBUG;
				SWIFT_OPTIMIZATION_LEVEL = "-Onone";
				SWIFT_VERSION = 5.10;
			};
			name = Debug;
		};
		CF4AAEE64F402A5B9DE02EEE /* Release */ = {
			isa = XCBuildConfiguration;
			buildSettings = {
				ASSETCATALOG_COMPILER_APPICON_NAME = AppIcon;
				CODE_SIGN_ENTITLEMENTS = Elapsed/Elapsed.entitlements;
				CODE_SIGN_IDENTITY = "-";
				COMBINE_HIDPI_IMAGES = YES;
				ENABLE_HARDENED_RUNTIME = YES;
				INFOPLIST_FILE = Elapsed/Info.plist;
				LD_RUNPATH_SEARCH_PATHS = (
					"$(inherited)",
					"@executable_path/../Frameworks",
				);
				PRODUCT_BUNDLE_IDENTIFIER = com.ta21cos.Elapsed;
				PRODUCT_NAME = Elapsed;
				SDKROOT = macosx;
			};
			name = Release;
		};
		EC9A8BE61E420A06406C1B83 /* Release */ = {
			isa = XCBuildConfiguration;
			buildSettings = {
				ALWAYS_SEARCH_USER_PATHS = NO;
				CLANG_ANALYZER_NONNULL = YES;
				CLANG_ANALYZER_NUMBER_OBJECT_CONVERSION = YES_AGGRESSIVE;
				CLANG_CXX_LANGUAGE_STANDARD = "gnu++14";
				CLANG_CXX_LIBRARY = "libc++";
				CLANG_ENABLE_MODULES = YES;
				CLANG_ENABLE_OBJC_ARC = YES;
				CLANG_ENABLE_OBJC_WEAK = YES;
				CLANG_WARN_BLOCK_CAPTURE_AUTORELEASING = YES;
				CLANG_WARN_BOOL_CONVERSION = YES;
				CLANG_WARN_COMMA = YES;
				CLANG_WARN_CONSTANT_CONVERSION = YES;
				CLANG_WARN_DEPRECATED_OBJC_IMPLEMENTATIONS = YES;
				CLANG_WARN_DIRECT_OBJC_ISA_USAGE = YES_ERROR;
				CLANG_WARN_DOCUMENTATION_COMMENTS = YES;
				CLANG_WARN_EMPTY_BODY = YES;
				CLANG_WARN_ENUM_CONVERSION = YES;
				CLANG_WARN_INFINITE_RECURSION = YES;
				CLANG_WARN_INT_CONVERSION = YES;
				CLANG_WARN_NON_LITERAL_NULL_CONVERSION = YES;
				CLANG_WARN_OBJC_IMPLICIT_RETAIN_SELF = YES;
				CLANG_WARN_OBJC_LITERAL_CONVERSION = YES;
				CLANG_WARN_OBJC_ROOT_CLASS = YES_ERROR;
				CLANG_WARN_QUOTED_INCLUDE_IN_FRAMEWORK_HEADER = YES;
				CLANG_WARN_RANGE_LOOP_ANALYSIS = YES;
				CLANG_WARN_STRICT_PROTOTYPES = YES;
				CLANG_WARN_SUSPICIOUS_MOVE = YES;
				CLANG_WARN_UNGUARDED_AVAILABILITY = YES_AGGRESSIVE;
				CLANG_WARN_UNREACHABLE_CODE = YES;
				CLANG_WARN__DUPLICATE_METHOD_MATCH = YES;
				COPY_PHASE_STRIP = NO;
				DEBUG_INFORMATION_FORMAT = "dwarf-with-dsym";
				ENABLE_NS_ASSERTIONS = NO;
				ENABLE_STRICT_OBJC_MSGSEND = YES;
				GCC_C_LANGUAGE_STANDARD = gnu11;
				GCC_NO_COMMON_BLOCKS = YES;
				GCC_WARN_64_TO_32_BIT_CONVERSION = YES;
				GCC_WARN_ABOUT_RETURN_TYPE = YES_ERROR;
				GCC_WARN_UNDECLARED_SELECTOR = YES;
				GCC_WARN_UNINITIALIZED_AUTOS = YES_AGGRESSIVE;
				GCC_WARN_UNUSED_FUNCTION = YES;
				GCC_WARN_UNUSED_VARIABLE = YES;
				MACOSX_DEPLOYMENT_TARGET = 14.0;
				MTL_ENABLE_DEBUG_INFO = NO;
				MTL_FAST_MATH = YES;
				PRODUCT_NAME = "$(TARGET_NAME)";
				SDKROOT = macosx;
				SWIFT_COMPILATION_MODE = wholemodule;
				SWIFT_OPTIMIZATION_LEVEL = "-O";
				SWIFT_VERSION = 5.10;
			};
			name = Release;
		};
/* End XCBuildConfiguration section */

/* Begin XCConfigurationList section */
		333F10D5E2FBA4CAD4339FF5 /* Build configuration list for PBXProject "Elapsed" */ = {
			isa = XCConfigurationList;
			buildConfigurations = (
				70CED59E6EF2B3B1ED82EF55 /* Debug */,
				EC9A8BE61E420A06406C1B83 /* Release */,
			);
			defaultConfigurationIsVisible = 0;
			defaultConfigurationName = Debug;
		};
		F61B43F31A4EF9F34DE2A6A8 /* Build configuration list for PBXNativeTarget "ElapsedTests" */ = {
			isa = XCConfigurationList;
			buildConfigurations = (
				402ACDC1AF26903B2299D436 /* Debug */,
				637059E6FC8FF1B061D2D4CE /* Release */,
			);
			defaultConfigurationIsVisible = 0;
			defaultConfigurationName = Debug;
		};
		FAB5D08251CF0DEF1A2FDFA2 /* Build configuration list for PBXNativeTarget "Elapsed" */ = {
			isa = XCConfigurationList;
			buildConfigurations = (
				432DCE048E36F01ADA345704 /* Debug */,
				CF4AAEE64F402A5B9DE02EEE /* Release */,
			);
			defaultConfigurationIsVisible = 0;
			defaultConfigurationName = Debug;
		};
/* End XCConfigurationList section */

/* Begin XCRemoteSwiftPackageReference section */
		C1C37C0A40912160AF358F12 /* XCRemoteSwiftPackageReference "Sparkle" */ = {
			isa = XCRemoteSwiftPackageReference;
			repositoryURL = "https://github.com/sparkle-project/Sparkle";
			requirement = {
				kind = upToNextMajorVersion;
				minimumVersion = 2.0.0;
			};
		};
/* End XCRemoteSwiftPackageReference section */

/* Begin XCSwiftPackageProductDependency section */
		4F280151F6546635B7A8B288 /* Sparkle */ = {
			isa = XCSwiftPackageProductDependency;
			package = C1C37C0A40912160AF358F12 /* XCRemoteSwiftPackageReference "Sparkle" */;
			productName = Sparkle;
		};
/* End XCSwiftPackageProductDependency section */
	};
	rootObject = DC424039D814BB8AB310703F /* Project object */;
}
